// !$*UTF8*$!
{
	archiveVersion = 1;
	classes = {
	};
	objectVersion = 56;
	objects = {

/* Begin PBXBuildFile section */
		35167D772B74BF7500D32BED /* RenameItem.swift in Sources */ = {isa = PBXBuildFile; fileRef = 35167D762B74BF7500D32BED /* RenameItem.swift */; };
		35167D792B74C07200D32BED /* RenamePopover.swift in Sources */ = {isa = PBXBuildFile; fileRef = 35167D782B74C07200D32BED /* RenamePopover.swift */; };
		35167D7B2B750EEA00D32BED /* RenameItemF.swift in Sources */ = {isa = PBXBuildFile; fileRef = 35167D7A2B750EEA00D32BED /* RenameItemF.swift */; };
		352DECE82B70D42800C36297 /* DeleteItem.swift in Sources */ = {isa = PBXBuildFile; fileRef = 352DECE72B70D42800C36297 /* DeleteItem.swift */; };
		352DECED2B70DB6A00C36297 /* ContextMenu.swift in Sources */ = {isa = PBXBuildFile; fileRef = 352DECEC2B70DB6A00C36297 /* ContextMenu.swift */; };
		352DECF12B70DCB900C36297 /* AddItem.swift in Sources */ = {isa = PBXBuildFile; fileRef = 352DECF02B70DCB900C36297 /* AddItem.swift */; };
		352DECFF2B70E14300C36297 /* DeleteItemF.swift in Sources */ = {isa = PBXBuildFile; fileRef = 352DECFE2B70E14300C36297 /* DeleteItemF.swift */; };
		352DED012B70E3B700C36297 /* AddItemF.swift in Sources */ = {isa = PBXBuildFile; fileRef = 352DED002B70E3B700C36297 /* AddItemF.swift */; };
		352DED032B71183F00C36297 /* SidebarItem.swift in Sources */ = {isa = PBXBuildFile; fileRef = 352DED022B71183F00C36297 /* SidebarItem.swift */; };
		352DED072B7120A000C36297 /* DeleteAllItemsF.swift in Sources */ = {isa = PBXBuildFile; fileRef = 352DED062B7120A000C36297 /* DeleteAllItemsF.swift */; };
		352DED0B2B712FD600C36297 /* Toolbar.swift in Sources */ = {isa = PBXBuildFile; fileRef = 352DED0A2B712FD600C36297 /* Toolbar.swift */; };
		353BB30F2B70BA7200D833DF /* Pixel_PalaceApp.swift in Sources */ = {isa = PBXBuildFile; fileRef = 353BB30E2B70BA7200D833DF /* Pixel_PalaceApp.swift */; };
		353BB3112B70BA7200D833DF /* ContentView.swift in Sources */ = {isa = PBXBuildFile; fileRef = 353BB3102B70BA7200D833DF /* ContentView.swift */; };
		353BB3132B70BA7400D833DF /* Assets.xcassets in Resources */ = {isa = PBXBuildFile; fileRef = 353BB3122B70BA7400D833DF /* Assets.xcassets */; };
		353BB3162B70BA7400D833DF /* Preview Assets.xcassets in Resources */ = {isa = PBXBuildFile; fileRef = 353BB3152B70BA7400D833DF /* Preview Assets.xcassets */; };
		353BB3182B70BA7400D833DF /* Persistence.swift in Sources */ = {isa = PBXBuildFile; fileRef = 353BB3172B70BA7400D833DF /* Persistence.swift */; };
		353BB31B2B70BA7400D833DF /* Pixel_Palace.xcdatamodeld in Sources */ = {isa = PBXBuildFile; fileRef = 353BB3192B70BA7400D833DF /* Pixel_Palace.xcdatamodeld */; };
		356D15DB2B7255CE0097775D /* Footer.swift in Sources */ = {isa = PBXBuildFile; fileRef = 356D15DA2B7255CE0097775D /* Footer.swift */; };
		356D15DF2B733D240097775D /* MainItem.swift in Sources */ = {isa = PBXBuildFile; fileRef = 356D15DE2B733D240097775D /* MainItem.swift */; };
		356D15E22B73421B0097775D /* ToggleSidebarF.swift in Sources */ = {isa = PBXBuildFile; fileRef = 356D15E12B73421B0097775D /* ToggleSidebarF.swift */; };
/* End PBXBuildFile section */

/* Begin PBXFileReference section */
		35167D762B74BF7500D32BED /* RenameItem.swift */ = {isa = PBXFileReference; lastKnownFileType = sourcecode.swift; path = RenameItem.swift; sourceTree = "<group>"; };
		35167D782B74C07200D32BED /* RenamePopover.swift */ = {isa = PBXFileReference; lastKnownFileType = sourcecode.swift; path = RenamePopover.swift; sourceTree = "<group>"; };
		35167D7A2B750EEA00D32BED /* RenameItemF.swift */ = {isa = PBXFileReference; lastKnownFileType = sourcecode.swift; path = RenameItemF.swift; sourceTree = "<group>"; };
		352DECE72B70D42800C36297 /* DeleteItem.swift */ = {isa = PBXFileReference; lastKnownFileType = sourcecode.swift; path = DeleteItem.swift; sourceTree = "<group>"; };
		352DECEC2B70DB6A00C36297 /* ContextMenu.swift */ = {isa = PBXFileReference; lastKnownFileType = sourcecode.swift; path = ContextMenu.swift; sourceTree = "<group>"; };
		352DECF02B70DCB900C36297 /* AddItem.swift */ = {isa = PBXFileReference; lastKnownFileType = sourcecode.swift; path = AddItem.swift; sourceTree = "<group>"; };
		352DECFE2B70E14300C36297 /* DeleteItemF.swift */ = {isa = PBXFileReference; lastKnownFileType = sourcecode.swift; path = DeleteItemF.swift; sourceTree = "<group>"; };
		352DED002B70E3B700C36297 /* AddItemF.swift */ = {isa = PBXFileReference; lastKnownFileType = sourcecode.swift; path = AddItemF.swift; sourceTree = "<group>"; };
		352DED022B71183F00C36297 /* SidebarItem.swift */ = {isa = PBXFileReference; lastKnownFileType = sourcecode.swift; path = SidebarItem.swift; sourceTree = "<group>"; };
		352DED062B7120A000C36297 /* DeleteAllItemsF.swift */ = {isa = PBXFileReference; lastKnownFileType = sourcecode.swift; path = DeleteAllItemsF.swift; sourceTree = "<group>"; };
		352DED0A2B712FD600C36297 /* Toolbar.swift */ = {isa = PBXFileReference; lastKnownFileType = sourcecode.swift; path = Toolbar.swift; sourceTree = "<group>"; };
		353BB30B2B70BA7200D833DF /* Pixel Palace.app */ = {isa = PBXFileReference; explicitFileType = wrapper.application; includeInIndex = 0; path = "Pixel Palace.app"; sourceTree = BUILT_PRODUCTS_DIR; };
		353BB30E2B70BA7200D833DF /* Pixel_PalaceApp.swift */ = {isa = PBXFileReference; lastKnownFileType = sourcecode.swift; path = Pixel_PalaceApp.swift; sourceTree = "<group>"; };
		353BB3102B70BA7200D833DF /* ContentView.swift */ = {isa = PBXFileReference; lastKnownFileType = sourcecode.swift; path = ContentView.swift; sourceTree = "<group>"; };
		353BB3122B70BA7400D833DF /* Assets.xcassets */ = {isa = PBXFileReference; lastKnownFileType = folder.assetcatalog; path = Assets.xcassets; sourceTree = "<group>"; };
		353BB3152B70BA7400D833DF /* Preview Assets.xcassets */ = {isa = PBXFileReference; lastKnownFileType = folder.assetcatalog; path = "Preview Assets.xcassets"; sourceTree = "<group>"; };
		353BB3172B70BA7400D833DF /* Persistence.swift */ = {isa = PBXFileReference; lastKnownFileType = sourcecode.swift; path = Persistence.swift; sourceTree = "<group>"; };
		353BB31A2B70BA7400D833DF /* Pixel_Palace.xcdatamodel */ = {isa = PBXFileReference; lastKnownFileType = wrapper.xcdatamodel; path = Pixel_Palace.xcdatamodel; sourceTree = "<group>"; };
		353BB31C2B70BA7400D833DF /* Pixel_Palace.entitlements */ = {isa = PBXFileReference; lastKnownFileType = text.plist.entitlements; path = Pixel_Palace.entitlements; sourceTree = "<group>"; };
		356D15DA2B7255CE0097775D /* Footer.swift */ = {isa = PBXFileReference; lastKnownFileType = sourcecode.swift; path = Footer.swift; sourceTree = "<group>"; };
		356D15DE2B733D240097775D /* MainItem.swift */ = {isa = PBXFileReference; lastKnownFileType = sourcecode.swift; path = MainItem.swift; sourceTree = "<group>"; };
		356D15E12B73421B0097775D /* ToggleSidebarF.swift */ = {isa = PBXFileReference; lastKnownFileType = sourcecode.swift; path = ToggleSidebarF.swift; sourceTree = "<group>"; };
/* End PBXFileReference section */

/* Begin PBXFrameworksBuildPhase section */
		353BB3082B70BA7200D833DF /* Frameworks */ = {
			isa = PBXFrameworksBuildPhase;
			buildActionMask = 2147483647;
			files = (
			);
			runOnlyForDeploymentPostprocessing = 0;
		};
/* End PBXFrameworksBuildPhase section */

/* Begin PBXGroup section */
		352DECE92B70DA8200C36297 /* ItemContextMenu */ = {
			isa = PBXGroup;
			children = (
				352DECEC2B70DB6A00C36297 /* ContextMenu.swift */,
				352DECF02B70DCB900C36297 /* AddItem.swift */,
				35167D762B74BF7500D32BED /* RenameItem.swift */,
				35167D782B74C07200D32BED /* RenamePopover.swift */,
				352DECE72B70D42800C36297 /* DeleteItem.swift */,
			);
			path = ItemContextMenu;
			sourceTree = "<group>";
		};
		352DECF62B70E06000C36297 /* Toolbar */ = {
			isa = PBXGroup;
			children = (
				352DED0A2B712FD600C36297 /* Toolbar.swift */,
			);
			path = Toolbar;
			sourceTree = "<group>";
		};
		352DECFD2B70E0DD00C36297 /* ItemFunctions */ = {
			isa = PBXGroup;
			children = (
				352DED002B70E3B700C36297 /* AddItemF.swift */,
				35167D7A2B750EEA00D32BED /* RenameItemF.swift */,
				352DECFE2B70E14300C36297 /* DeleteItemF.swift */,
				352DED062B7120A000C36297 /* DeleteAllItemsF.swift */,
			);
			path = ItemFunctions;
			sourceTree = "<group>";
		};
		353BB3022B70BA7200D833DF = {
			isa = PBXGroup;
			children = (
				353BB30D2B70BA7200D833DF /* Pixel Palace */,
				353BB30C2B70BA7200D833DF /* Products */,
			);
			sourceTree = "<group>";
		};
		353BB30C2B70BA7200D833DF /* Products */ = {
			isa = PBXGroup;
			children = (
				353BB30B2B70BA7200D833DF /* Pixel Palace.app */,
			);
			name = Products;
			sourceTree = "<group>";
		};
		353BB30D2B70BA7200D833DF /* Pixel Palace */ = {
			isa = PBXGroup;
			children = (
				353BB30E2B70BA7200D833DF /* Pixel_PalaceApp.swift */,
				353BB3102B70BA7200D833DF /* ContentView.swift */,
				356D15BE2B71E7640097775D /* Functions */,
				356D15BF2B71E7790097775D /* UI */,
				353BB3122B70BA7400D833DF /* Assets.xcassets */,
				353BB3172B70BA7400D833DF /* Persistence.swift */,
				353BB31C2B70BA7400D833DF /* Pixel_Palace.entitlements */,
				353BB3192B70BA7400D833DF /* Pixel_Palace.xcdatamodeld */,
				353BB3142B70BA7400D833DF /* Preview Content */,
			);
			path = "Pixel Palace";
			sourceTree = "<group>";
		};
		353BB3142B70BA7400D833DF /* Preview Content */ = {
			isa = PBXGroup;
			children = (
				353BB3152B70BA7400D833DF /* Preview Assets.xcassets */,
			);
			path = "Preview Content";
			sourceTree = "<group>";
		};
		356D15BE2B71E7640097775D /* Functions */ = {
			isa = PBXGroup;
			children = (
				356D15E02B7342070097775D /* SidebarFunctions */,
				352DECFD2B70E0DD00C36297 /* ItemFunctions */,
			);
			path = Functions;
			sourceTree = "<group>";
		};
		356D15BF2B71E7790097775D /* UI */ = {
			isa = PBXGroup;
			children = (
				356D15DD2B733CEB0097775D /* Main */,
				356D15DC2B733CDA0097775D /* Footer */,
				356D15D52B7223370097775D /* Sidebar */,
				352DECF62B70E06000C36297 /* Toolbar */,
			);
			path = UI;
			sourceTree = "<group>";
		};
		356D15C02B71E7D50097775D /* Item */ = {
			isa = PBXGroup;
			children = (
				352DED022B71183F00C36297 /* SidebarItem.swift */,
				352DECE92B70DA8200C36297 /* ItemContextMenu */,
			);
			path = Item;
			sourceTree = "<group>";
		};
		356D15D52B7223370097775D /* Sidebar */ = {
			isa = PBXGroup;
			children = (
				356D15C02B71E7D50097775D /* Item */,
			);
			path = Sidebar;
			sourceTree = "<group>";
		};
		356D15DC2B733CDA0097775D /* Footer */ = {
			isa = PBXGroup;
			children = (
				356D15DA2B7255CE0097775D /* Footer.swift */,
			);
			path = Footer;
			sourceTree = "<group>";
		};
		356D15DD2B733CEB0097775D /* Main */ = {
			isa = PBXGroup;
			children = (
				356D15DE2B733D240097775D /* MainItem.swift */,
			);
			path = Main;
			sourceTree = "<group>";
		};
		356D15E02B7342070097775D /* SidebarFunctions */ = {
			isa = PBXGroup;
			children = (
				356D15E12B73421B0097775D /* ToggleSidebarF.swift */,
			);
			path = SidebarFunctions;
			sourceTree = "<group>";
		};
/* End PBXGroup section */

/* Begin PBXNativeTarget section */
		353BB30A2B70BA7200D833DF /* Pixel Palace */ = {
			isa = PBXNativeTarget;
			buildConfigurationList = 353BB31F2B70BA7400D833DF /* Build configuration list for PBXNativeTarget "Pixel Palace" */;
			buildPhases = (
				353BB3072B70BA7200D833DF /* Sources */,
				353BB3082B70BA7200D833DF /* Frameworks */,
				353BB3092B70BA7200D833DF /* Resources */,
			);
			buildRules = (
			);
			dependencies = (
			);
			name = "Pixel Palace";
			productName = "Pixel Palace";
			productReference = 353BB30B2B70BA7200D833DF /* Pixel Palace.app */;
			productType = "com.apple.product-type.application";
		};
/* End PBXNativeTarget section */

/* Begin PBXProject section */
		353BB3032B70BA7200D833DF /* Project object */ = {
			isa = PBXProject;
			attributes = {
				BuildIndependentTargetsInParallel = 1;
				LastSwiftUpdateCheck = 1420;
				LastUpgradeCheck = 1420;
				TargetAttributes = {
					353BB30A2B70BA7200D833DF = {
						CreatedOnToolsVersion = 14.2;
					};
				};
			};
			buildConfigurationList = 353BB3062B70BA7200D833DF /* Build configuration list for PBXProject "Pixel Palace" */;
			compatibilityVersion = "Xcode 14.0";
			developmentRegion = en;
			hasScannedForEncodings = 0;
			knownRegions = (
				en,
				Base,
			);
			mainGroup = 353BB3022B70BA7200D833DF;
			productRefGroup = 353BB30C2B70BA7200D833DF /* Products */;
			projectDirPath = "";
			projectRoot = "";
			targets = (
				353BB30A2B70BA7200D833DF /* Pixel Palace */,
			);
		};
/* End PBXProject section */

/* Begin PBXResourcesBuildPhase section */
		353BB3092B70BA7200D833DF /* Resources */ = {
			isa = PBXResourcesBuildPhase;
			buildActionMask = 2147483647;
			files = (
				353BB3162B70BA7400D833DF /* Preview Assets.xcassets in Resources */,
				353BB3132B70BA7400D833DF /* Assets.xcassets in Resources */,
			);
			runOnlyForDeploymentPostprocessing = 0;
		};
/* End PBXResourcesBuildPhase section */

/* Begin PBXSourcesBuildPhase section */
		353BB3072B70BA7200D833DF /* Sources */ = {
			isa = PBXSourcesBuildPhase;
			buildActionMask = 2147483647;
			files = (
				353BB31B2B70BA7400D833DF /* Pixel_Palace.xcdatamodeld in Sources */,
				352DECFF2B70E14300C36297 /* DeleteItemF.swift in Sources */,
				35167D772B74BF7500D32BED /* RenameItem.swift in Sources */,
				353BB3182B70BA7400D833DF /* Persistence.swift in Sources */,
				352DED0B2B712FD600C36297 /* Toolbar.swift in Sources */,
				35167D7B2B750EEA00D32BED /* RenameItemF.swift in Sources */,
				353BB3112B70BA7200D833DF /* ContentView.swift in Sources */,
				356D15DB2B7255CE0097775D /* Footer.swift in Sources */,
				352DED012B70E3B700C36297 /* AddItemF.swift in Sources */,
				353BB30F2B70BA7200D833DF /* Pixel_PalaceApp.swift in Sources */,
				352DECF12B70DCB900C36297 /* AddItem.swift in Sources */,
				356D15E22B73421B0097775D /* ToggleSidebarF.swift in Sources */,
				35167D792B74C07200D32BED /* RenamePopover.swift in Sources */,
				352DED072B7120A000C36297 /* DeleteAllItemsF.swift in Sources */,
				356D15DF2B733D240097775D /* MainItem.swift in Sources */,
				352DED032B71183F00C36297 /* SidebarItem.swift in Sources */,
				352DECED2B70DB6A00C36297 /* ContextMenu.swift in Sources */,
				352DECE82B70D42800C36297 /* DeleteItem.swift in Sources */,
			);
			runOnlyForDeploymentPostprocessing = 0;
		};
/* End PBXSourcesBuildPhase section */

/* Begin XCBuildConfiguration section */
		353BB31D2B70BA7400D833DF /* Debug */ = {
			isa = XCBuildConfiguration;
			buildSettings = {
				ALWAYS_SEARCH_USER_PATHS = NO;
				CLANG_ANALYZER_NONNULL = YES;
				CLANG_ANALYZER_NUMBER_OBJECT_CONVERSION = YES_AGGRESSIVE;
				CLANG_CXX_LANGUAGE_STANDARD = "gnu++20";
				CLANG_ENABLE_MODULES = YES;
				CLANG_ENABLE_OBJC_ARC = YES;
				CLANG_ENABLE_OBJC_WEAK = YES;
				CLANG_WARN_BLOCK_CAPTURE_AUTORELEASING = YES;
				CLANG_WARN_BOOL_CONVERSION = YES;
				CLANG_WARN_COMMA = YES;
				CLANG_WARN_CONSTANT_CONVERSION = YES;
				CLANG_WARN_DEPRECATED_OBJC_IMPLEMENTATIONS = YES;
				CLANG_WARN_DIRECT_OBJC_ISA_USAGE = YES_ERROR;
				CLANG_WARN_DOCUMENTATION_COMMENTS = YES;
				CLANG_WARN_EMPTY_BODY = YES;
				CLANG_WARN_ENUM_CONVERSION = YES;
				CLANG_WARN_INFINITE_RECURSION = YES;
				CLANG_WARN_INT_CONVERSION = YES;
				CLANG_WARN_NON_LITERAL_NULL_CONVERSION = YES;
				CLANG_WARN_OBJC_IMPLICIT_RETAIN_SELF = YES;
				CLANG_WARN_OBJC_LITERAL_CONVERSION = YES;
				CLANG_WARN_OBJC_ROOT_CLASS = YES_ERROR;
				CLANG_WARN_QUOTED_INCLUDE_IN_FRAMEWORK_HEADER = YES;
				CLANG_WARN_RANGE_LOOP_ANALYSIS = YES;
				CLANG_WARN_STRICT_PROTOTYPES = YES;
				CLANG_WARN_SUSPICIOUS_MOVE = YES;
				CLANG_WARN_UNGUARDED_AVAILABILITY = YES_AGGRESSIVE;
				CLANG_WARN_UNREACHABLE_CODE = YES;
				CLANG_WARN__DUPLICATE_METHOD_MATCH = YES;
				COPY_PHASE_STRIP = NO;
				DEBUG_INFORMATION_FORMAT = dwarf;
				ENABLE_STRICT_OBJC_MSGSEND = YES;
				ENABLE_TESTABILITY = YES;
				GCC_C_LANGUAGE_STANDARD = gnu11;
				GCC_DYNAMIC_NO_PIC = NO;
				GCC_NO_COMMON_BLOCKS = YES;
				GCC_OPTIMIZATION_LEVEL = 0;
				GCC_PREPROCESSOR_DEFINITIONS = (
					"DEBUG=1",
					"$(inherited)",
				);
				GCC_WARN_64_TO_32_BIT_CONVERSION = YES;
				GCC_WARN_ABOUT_RETURN_TYPE = YES_ERROR;
				GCC_WARN_UNDECLARED_SELECTOR = YES;
				GCC_WARN_UNINITIALIZED_AUTOS = YES_AGGRESSIVE;
				GCC_WARN_UNUSED_FUNCTION = YES;
				GCC_WARN_UNUSED_VARIABLE = YES;
				MACOSX_DEPLOYMENT_TARGET = 12.7;
				MTL_ENABLE_DEBUG_INFO = INCLUDE_SOURCE;
				MTL_FAST_MATH = YES;
				ONLY_ACTIVE_ARCH = YES;
				SDKROOT = macosx;
				SWIFT_ACTIVE_COMPILATION_CONDITIONS = DEBUG;
				SWIFT_OPTIMIZATION_LEVEL = "-Onone";
			};
			name = Debug;
		};
		353BB31E2B70BA7400D833DF /* Release */ = {
			isa = XCBuildConfiguration;
			buildSettings = {
				ALWAYS_SEARCH_USER_PATHS = NO;
				CLANG_ANALYZER_NONNULL = YES;
				CLANG_ANALYZER_NUMBER_OBJECT_CONVERSION = YES_AGGRESSIVE;
				CLANG_CXX_LANGUAGE_STANDARD = "gnu++20";
				CLANG_ENABLE_MODULES = YES;
				CLANG_ENABLE_OBJC_ARC = YES;
				CLANG_ENABLE_OBJC_WEAK = YES;
				CLANG_WARN_BLOCK_CAPTURE_AUTORELEASING = YES;
				CLANG_WARN_BOOL_CONVERSION = YES;
				CLANG_WARN_COMMA = YES;
				CLANG_WARN_CONSTANT_CONVERSION = YES;
				CLANG_WARN_DEPRECATED_OBJC_IMPLEMENTATIONS = YES;
				CLANG_WARN_DIRECT_OBJC_ISA_USAGE = YES_ERROR;
				CLANG_WARN_DOCUMENTATION_COMMENTS = YES;
				CLANG_WARN_EMPTY_BODY = YES;
				CLANG_WARN_ENUM_CONVERSION = YES;
				CLANG_WARN_INFINITE_RECURSION = YES;
				CLANG_WARN_INT_CONVERSION = YES;
				CLANG_WARN_NON_LITERAL_NULL_CONVERSION = YES;
				CLANG_WARN_OBJC_IMPLICIT_RETAIN_SELF = YES;
				CLANG_WARN_OBJC_LITERAL_CONVERSION = YES;
				CLANG_WARN_OBJC_ROOT_CLASS = YES_ERROR;
				CLANG_WARN_QUOTED_INCLUDE_IN_FRAMEWORK_HEADER = YES;
				CLANG_WARN_RANGE_LOOP_ANALYSIS = YES;
				CLANG_WARN_STRICT_PROTOTYPES = YES;
				CLANG_WARN_SUSPICIOUS_MOVE = YES;
				CLANG_WARN_UNGUARDED_AVAILABILITY = YES_AGGRESSIVE;
				CLANG_WARN_UNREACHABLE_CODE = YES;
				CLANG_WARN__DUPLICATE_METHOD_MATCH = YES;
				COPY_PHASE_STRIP = NO;
				DEBUG_INFORMATION_FORMAT = "dwarf-with-dsym";
				ENABLE_NS_ASSERTIONS = NO;
				ENABLE_STRICT_OBJC_MSGSEND = YES;
				GCC_C_LANGUAGE_STANDARD = gnu11;
				GCC_NO_COMMON_BLOCKS = YES;
				GCC_WARN_64_TO_32_BIT_CONVERSION = YES;
				GCC_WARN_ABOUT_RETURN_TYPE = YES_ERROR;
				GCC_WARN_UNDECLARED_SELECTOR = YES;
				GCC_WARN_UNINITIALIZED_AUTOS = YES_AGGRESSIVE;
				GCC_WARN_UNUSED_FUNCTION = YES;
				GCC_WARN_UNUSED_VARIABLE = YES;
				MACOSX_DEPLOYMENT_TARGET = 12.7;
				MTL_ENABLE_DEBUG_INFO = NO;
				MTL_FAST_MATH = YES;
				SDKROOT = macosx;
				SWIFT_COMPILATION_MODE = wholemodule;
				SWIFT_OPTIMIZATION_LEVEL = "-O";
			};
			name = Release;
		};
		353BB3202B70BA7400D833DF /* Debug */ = {
			isa = XCBuildConfiguration;
			buildSettings = {
				ASSETCATALOG_COMPILER_APPICON_NAME = AppIcon;
				ASSETCATALOG_COMPILER_GLOBAL_ACCENT_COLOR_NAME = AccentColor;
				CODE_SIGN_ENTITLEMENTS = "Pixel Palace/Pixel_Palace.entitlements";
				CODE_SIGN_STYLE = Automatic;
				COMBINE_HIDPI_IMAGES = YES;
				CURRENT_PROJECT_VERSION = 1;
				DEVELOPMENT_ASSET_PATHS = "\"Pixel Palace/Preview Content\"";
				DEVELOPMENT_TEAM = VCYF5ADJR4;
				ENABLE_HARDENED_RUNTIME = YES;
				ENABLE_PREVIEWS = YES;
				GENERATE_INFOPLIST_FILE = YES;
				INFOPLIST_KEY_NSHumanReadableCopyright = "";
				LD_RUNPATH_SEARCH_PATHS = (
					"$(inherited)",
					"@executable_path/../Frameworks",
				);
				MARKETING_VERSION = 1.0;
				PRODUCT_BUNDLE_IDENTIFIER = "CMKana.Pixel-Palace";
				PRODUCT_NAME = "$(TARGET_NAME)";
				SWIFT_EMIT_LOC_STRINGS = YES;
				SWIFT_VERSION = 5.0;
			};
			name = Debug;
		};
		353BB3212B70BA7400D833DF /* Release */ = {
			isa = XCBuildConfiguration;
			buildSettings = {
				ASSETCATALOG_COMPILER_APPICON_NAME = AppIcon;
				ASSETCATALOG_COMPILER_GLOBAL_ACCENT_COLOR_NAME = AccentColor;
				CODE_SIGN_ENTITLEMENTS = "Pixel Palace/Pixel_Palace.entitlements";
				CODE_SIGN_STYLE = Automatic;
				COMBINE_HIDPI_IMAGES = YES;
				CURRENT_PROJECT_VERSION = 1;
				DEVELOPMENT_ASSET_PATHS = "\"Pixel Palace/Preview Content\"";
				DEVELOPMENT_TEAM = VCYF5ADJR4;
				ENABLE_HARDENED_RUNTIME = YES;
				ENABLE_PREVIEWS = YES;
				GENERATE_INFOPLIST_FILE = YES;
				INFOPLIST_KEY_NSHumanReadableCopyright = "";
				LD_RUNPATH_SEARCH_PATHS = (
					"$(inherited)",
					"@executable_path/../Frameworks",
				);
				MARKETING_VERSION = 1.0;
				PRODUCT_BUNDLE_IDENTIFIER = "CMKana.Pixel-Palace";
				PRODUCT_NAME = "$(TARGET_NAME)";
				SWIFT_EMIT_LOC_STRINGS = YES;
				SWIFT_VERSION = 5.0;
			};
			name = Release;
		};
/* End XCBuildConfiguration section */

/* Begin XCConfigurationList section */
		353BB3062B70BA7200D833DF /* Build configuration list for PBXProject "Pixel Palace" */ = {
			isa = XCConfigurationList;
			buildConfigurations = (
				353BB31D2B70BA7400D833DF /* Debug */,
				353BB31E2B70BA7400D833DF /* Release */,
			);
			defaultConfigurationIsVisible = 0;
			defaultConfigurationName = Release;
		};
		353BB31F2B70BA7400D833DF /* Build configuration list for PBXNativeTarget "Pixel Palace" */ = {
			isa = XCConfigurationList;
			buildConfigurations = (
				353BB3202B70BA7400D833DF /* Debug */,
				353BB3212B70BA7400D833DF /* Release */,
			);
			defaultConfigurationIsVisible = 0;
			defaultConfigurationName = Release;
		};
/* End XCConfigurationList section */

/* Begin XCVersionGroup section */
		353BB3192B70BA7400D833DF /* Pixel_Palace.xcdatamodeld */ = {
			isa = XCVersionGroup;
			children = (
				353BB31A2B70BA7400D833DF /* Pixel_Palace.xcdatamodel */,
			);
			currentVersion = 353BB31A2B70BA7400D833DF /* Pixel_Palace.xcdatamodel */;
			path = Pixel_Palace.xcdatamodeld;
			sourceTree = "<group>";
			versionGroupType = wrapper.xcdatamodel;
		};
/* End XCVersionGroup section */
	};
	rootObject = 353BB3032B70BA7200D833DF /* Project object */;
}
